{
  "requires": true,
  "lockfileVersion": 1,
  "dependencies": {
    "dragscroll": {
      "version": "0.0.8",
      "resolved": "https://registry.npmjs.org/dragscroll/-/dragscroll-0.0.8.tgz",
      "integrity": "sha1-3kdx5fOhTXe1g+zvXTi9lhjydWM="
    },
    "flatpickr": {
      "version": "4.3.2",
      "resolved": "https://registry.npmjs.org/flatpickr/-/flatpickr-4.3.2.tgz",
      "integrity": "sha1-akdwQ8B17zbD/1T620m5NqZNY18="
    },
    "nouislider": {
      "version": "11.0.3",
      "resolved": "https://registry.npmjs.org/nouislider/-/nouislider-11.0.3.tgz",
      "integrity": "sha512-EmL3FHQ1vZ7wofzeLRqGZc7Lt4HpHezwfi2ODz8H2qcvltdIb4yqSo0trFN3Uk08YN7sPSQVETtH4Dg+k8xOBA=="
    }
  }
}
